// !$*UTF8*$!
{
	archiveVersion = 1;
	classes = {
	};
	objectVersion = 56;
	objects = {

/* Begin PBXBuildFile section */
		FDE348992A3AF943000F0F9C /* AppDelegate.swift in Sources */ = {isa = PBXBuildFile; fileRef = FDE348982A3AF943000F0F9C /* AppDelegate.swift */; };
		FDE3489B2A3AF943000F0F9C /* SceneDelegate.swift in Sources */ = {isa = PBXBuildFile; fileRef = FDE3489A2A3AF943000F0F9C /* SceneDelegate.swift */; };
		FDE3489D2A3AF943000F0F9C /* ViewController.swift in Sources */ = {isa = PBXBuildFile; fileRef = FDE3489C2A3AF943000F0F9C /* ViewController.swift */; };
		FDE348A02A3AF943000F0F9C /* Main.storyboard in Resources */ = {isa = PBXBuildFile; fileRef = FDE3489E2A3AF943000F0F9C /* Main.storyboard */; };
		FDE348A22A3AF944000F0F9C /* Assets.xcassets in Resources */ = {isa = PBXBuildFile; fileRef = FDE348A12A3AF944000F0F9C /* Assets.xcassets */; };
		FDE348A52A3AF944000F0F9C /* LaunchScreen.storyboard in Resources */ = {isa = PBXBuildFile; fileRef = FDE348A32A3AF944000F0F9C /* LaunchScreen.storyboard */; };
		FDE348B02A3AF944000F0F9C /* demoTests.swift in Sources */ = {isa = PBXBuildFile; fileRef = FDE348AF2A3AF944000F0F9C /* demoTests.swift */; };
		FDE348BA2A3AF944000F0F9C /* demoUITests.swift in Sources */ = {isa = PBXBuildFile; fileRef = FDE348B92A3AF944000F0F9C /* demoUITests.swift */; };
		FDE348BC2A3AF944000F0F9C /* demoUITestsLaunchTests.swift in Sources */ = {isa = PBXBuildFile; fileRef = FDE348BB2A3AF944000F0F9C /* demoUITestsLaunchTests.swift */; };
/* End PBXBuildFile section */

/* Begin PBXContainerItemProxy section */
		FDE348AC2A3AF944000F0F9C /* PBXContainerItemProxy */ = {
			isa = PBXContainerItemProxy;
			containerPortal = FDE3488D2A3AF943000F0F9C /* Project object */;
			proxyType = 1;
			remoteGlobalIDString = FDE348942A3AF943000F0F9C;
			remoteInfo = demo;
		};
		FDE348B62A3AF944000F0F9C /* PBXContainerItemProxy */ = {
			isa = PBXContainerItemProxy;
			containerPortal = FDE3488D2A3AF943000F0F9C /* Project object */;
			proxyType = 1;
			remoteGlobalIDString = FDE348942A3AF943000F0F9C;
			remoteInfo = demo;
		};
/* End PBXContainerItemProxy section */

/* Begin PBXFileReference section */
		FDE348952A3AF943000F0F9C /* demo.app */ = {isa = PBXFileReference; explicitFileType = wrapper.application; includeInIndex = 0; path = demo.app; sourceTree = BUILT_PRODUCTS_DIR; };
		FDE348982A3AF943000F0F9C /* AppDelegate.swift */ = {isa = PBXFileReference; lastKnownFileType = sourcecode.swift; path = AppDelegate.swift; sourceTree = "<group>"; };
		FDE3489A2A3AF943000F0F9C /* SceneDelegate.swift */ = {isa = PBXFileReference; lastKnownFileType = sourcecode.swift; path = SceneDelegate.swift; sourceTree = "<group>"; };
		FDE3489C2A3AF943000F0F9C /* ViewController.swift */ = {isa = PBXFileReference; lastKnownFileType = sourcecode.swift; path = ViewController.swift; sourceTree = "<group>"; };
		FDE3489F2A3AF943000F0F9C /* Base */ = {isa = PBXFileReference; lastKnownFileType = file.storyboard; name = Base; path = Base.lproj/Main.storyboard; sourceTree = "<group>"; };
		FDE348A12A3AF944000F0F9C /* Assets.xcassets */ = {isa = PBXFileReference; lastKnownFileType = folder.assetcatalog; path = Assets.xcassets; sourceTree = "<group>"; };
		FDE348A42A3AF944000F0F9C /* Base */ = {isa = PBXFileReference; lastKnownFileType = file.storyboard; name = Base; path = Base.lproj/LaunchScreen.storyboard; sourceTree = "<group>"; };
		FDE348A62A3AF944000F0F9C /* Info.plist */ = {isa = PBXFileReference; lastKnownFileType = text.plist.xml; path = Info.plist; sourceTree = "<group>"; };
		FDE348AB2A3AF944000F0F9C /* demoTests.xctest */ = {isa = PBXFileReference; explicitFileType = wrapper.cfbundle; includeInIndex = 0; path = demoTests.xctest; sourceTree = BUILT_PRODUCTS_DIR; };
		FDE348AF2A3AF944000F0F9C /* demoTests.swift */ = {isa = PBXFileReference; lastKnownFileType = sourcecode.swift; path = demoTests.swift; sourceTree = "<group>"; };
		FDE348B52A3AF944000F0F9C /* demoUITests.xctest */ = {isa = PBXFileReference; explicitFileType = wrapper.cfbundle; includeInIndex = 0; path = demoUITests.xctest; sourceTree = BUILT_PRODUCTS_DIR; };
		FDE348B92A3AF944000F0F9C /* demoUITests.swift */ = {isa = PBXFileReference; lastKnownFileType = sourcecode.swift; path = demoUITests.swift; sourceTree = "<group>"; };
		FDE348BB2A3AF944000F0F9C /* demoUITestsLaunchTests.swift */ = {isa = PBXFileReference; lastKnownFileType = sourcecode.swift; path = demoUITestsLaunchTests.swift; sourceTree = "<group>"; };
/* End PBXFileReference section */

/* Begin PBXFrameworksBuildPhase section */
		FDE348922A3AF943000F0F9C /* Frameworks */ = {
			isa = PBXFrameworksBuildPhase;
			buildActionMask = 2147483647;
			files = (
			);
			runOnlyForDeploymentPostprocessing = 0;
		};
		FDE348A82A3AF944000F0F9C /* Frameworks */ = {
			isa = PBXFrameworksBuildPhase;
			buildActionMask = 2147483647;
			files = (
			);
			runOnlyForDeploymentPostprocessing = 0;
		};
		FDE348B22A3AF944000F0F9C /* Frameworks */ = {
			isa = PBXFrameworksBuildPhase;
			buildActionMask = 2147483647;
			files = (
			);
			runOnlyForDeploymentPostprocessing = 0;
		};
/* End PBXFrameworksBuildPhase section */

/* Begin PBXGroup section */
		FDE3488C2A3AF943000F0F9C = {
			isa = PBXGroup;
			children = (
				FDE348972A3AF943000F0F9C /* demo */,
				FDE348AE2A3AF944000F0F9C /* demoTests */,
				FDE348B82A3AF944000F0F9C /* demoUITests */,
				FDE348962A3AF943000F0F9C /* Products */,
			);
			sourceTree = "<group>";
		};
		FDE348962A3AF943000F0F9C /* Products */ = {
			isa = PBXGroup;
			children = (
				FDE348952A3AF943000F0F9C /* demo.app */,
				FDE348AB2A3AF944000F0F9C /* demoTests.xctest */,
				FDE348B52A3AF944000F0F9C /* demoUITests.xctest */,
			);
			name = Products;
			sourceTree = "<group>";
		};
		FDE348972A3AF943000F0F9C /* demo */ = {
			isa = PBXGroup;
			children = (
				FDE348982A3AF943000F0F9C /* AppDelegate.swift */,
				FDE3489A2A3AF943000F0F9C /* SceneDelegate.swift */,
				FDE3489C2A3AF943000F0F9C /* ViewController.swift */,
				FDE3489E2A3AF943000F0F9C /* Main.storyboard */,
				FDE348A12A3AF944000F0F9C /* Assets.xcassets */,
				FDE348A32A3AF944000F0F9C /* LaunchScreen.storyboard */,
				FDE348A62A3AF944000F0F9C /* Info.plist */,
			);
			path = demo;
			sourceTree = "<group>";
		};
		FDE348AE2A3AF944000F0F9C /* demoTests */ = {
			isa = PBXGroup;
			children = (
				FDE348AF2A3AF944000F0F9C /* demoTests.swift */,
			);
			path = demoTests;
			sourceTree = "<group>";
		};
		FDE348B82A3AF944000F0F9C /* demoUITests */ = {
			isa = PBXGroup;
			children = (
				FDE348B92A3AF944000F0F9C /* demoUITests.swift */,
				FDE348BB2A3AF944000F0F9C /* demoUITestsLaunchTests.swift */,
			);
			path = demoUITests;
			sourceTree = "<group>";
		};
/* End PBXGroup section */

/* Begin PBXNativeTarget section */
		FDE348942A3AF943000F0F9C /* demo */ = {
			isa = PBXNativeTarget;
			buildConfigurationList = FDE348BF2A3AF944000F0F9C /* Build configuration list for PBXNativeTarget "demo" */;
			buildPhases = (
				FDE348912A3AF943000F0F9C /* Sources */,
				FDE348922A3AF943000F0F9C /* Frameworks */,
				FDE348932A3AF943000F0F9C /* Resources */,
			);
			buildRules = (
			);
			dependencies = (
			);
			name = demo;
			productName = demo;
			productReference = FDE348952A3AF943000F0F9C /* demo.app */;
			productType = "com.apple.product-type.application";
		};
		FDE348AA2A3AF944000F0F9C /* demoTests */ = {
			isa = PBXNativeTarget;
			buildConfigurationList = FDE348C22A3AF944000F0F9C /* Build configuration list for PBXNativeTarget "demoTests" */;
			buildPhases = (
				FDE348A72A3AF944000F0F9C /* Sources */,
				FDE348A82A3AF944000F0F9C /* Frameworks */,
				FDE348A92A3AF944000F0F9C /* Resources */,
			);
			buildRules = (
			);
			dependencies = (
				FDE348AD2A3AF944000F0F9C /* PBXTargetDependency */,
			);
			name = demoTests;
			productName = demoTests;
			productReference = FDE348AB2A3AF944000F0F9C /* demoTests.xctest */;
			productType = "com.apple.product-type.bundle.unit-test";
		};
		FDE348B42A3AF944000F0F9C /* demoUITests */ = {
			isa = PBXNativeTarget;
			buildConfigurationList = FDE348C52A3AF944000F0F9C /* Build configuration list for PBXNativeTarget "demoUITests" */;
			buildPhases = (
				FDE348B12A3AF944000F0F9C /* Sources */,
				FDE348B22A3AF944000F0F9C /* Frameworks */,
				FDE348B32A3AF944000F0F9C /* Resources */,
			);
			buildRules = (
			);
			dependencies = (
				FDE348B72A3AF944000F0F9C /* PBXTargetDependency */,
			);
			name = demoUITests;
			productName = demoUITests;
			productReference = FDE348B52A3AF944000F0F9C /* demoUITests.xctest */;
			productType = "com.apple.product-type.bundle.ui-testing";
		};
/* End PBXNativeTarget section */

/* Begin PBXProject section */
		FDE3488D2A3AF943000F0F9C /* Project object */ = {
			isa = PBXProject;
			attributes = {
				BuildIndependentTargetsInParallel = 1;
				LastSwiftUpdateCheck = 1420;
				LastUpgradeCheck = 1420;
				TargetAttributes = {
					FDE348942A3AF943000F0F9C = {
						CreatedOnToolsVersion = 14.2;
					};
					FDE348AA2A3AF944000F0F9C = {
						CreatedOnToolsVersion = 14.2;
						TestTargetID = FDE348942A3AF943000F0F9C;
					};
					FDE348B42A3AF944000F0F9C = {
						CreatedOnToolsVersion = 14.2;
						TestTargetID = FDE348942A3AF943000F0F9C;
					};
				};
			};
			buildConfigurationList = FDE348902A3AF943000F0F9C /* Build configuration list for PBXProject "demo" */;
			compatibilityVersion = "Xcode 14.0";
			developmentRegion = en;
			hasScannedForEncodings = 0;
			knownRegions = (
				en,
				Base,
			);
			mainGroup = FDE3488C2A3AF943000F0F9C;
			productRefGroup = FDE348962A3AF943000F0F9C /* Products */;
			projectDirPath = "";
			projectRoot = "";
			targets = (
				FDE348942A3AF943000F0F9C /* demo */,
				FDE348AA2A3AF944000F0F9C /* demoTests */,
				FDE348B42A3AF944000F0F9C /* demoUITests */,
			);
		};
/* End PBXProject section */

/* Begin PBXResourcesBuildPhase section */
		FDE348932A3AF943000F0F9C /* Resources */ = {
			isa = PBXResourcesBuildPhase;
			buildActionMask = 2147483647;
			files = (
				FDE348A52A3AF944000F0F9C /* LaunchScreen.storyboard in Resources */,
				FDE348A22A3AF944000F0F9C /* Assets.xcassets in Resources */,
				FDE348A02A3AF943000F0F9C /* Main.storyboard in Resources */,
			);
			runOnlyForDeploymentPostprocessing = 0;
		};
		FDE348A92A3AF944000F0F9C /* Resources */ = {
			isa = PBXResourcesBuildPhase;
			buildActionMask = 2147483647;
			files = (
			);
			runOnlyForDeploymentPostprocessing = 0;
		};
		FDE348B32A3AF944000F0F9C /* Resources */ = {
			isa = PBXResourcesBuildPhase;
			buildActionMask = 2147483647;
			files = (
			);
			runOnlyForDeploymentPostprocessing = 0;
		};
/* End PBXResourcesBuildPhase section */

/* Begin PBXSourcesBuildPhase section */
		FDE348912A3AF943000F0F9C /* Sources */ = {
			isa = PBXSourcesBuildPhase;
			buildActionMask = 2147483647;
			files = (
				FDE3489D2A3AF943000F0F9C /* ViewController.swift in Sources */,
				FDE348992A3AF943000F0F9C /* AppDelegate.swift in Sources */,
				FDE3489B2A3AF943000F0F9C /* SceneDelegate.swift in Sources */,
			);
			runOnlyForDeploymentPostprocessing = 0;
		};
		FDE348A72A3AF944000F0F9C /* Sources */ = {
			isa = PBXSourcesBuildPhase;
			buildActionMask = 2147483647;
			files = (
				FDE348B02A3AF944000F0F9C /* demoTests.swift in Sources */,
			);
			runOnlyForDeploymentPostprocessing = 0;
		};
		FDE348B12A3AF944000F0F9C /* Sources */ = {
			isa = PBXSourcesBuildPhase;
			buildActionMask = 2147483647;
			files = (
				FDE348BA2A3AF944000F0F9C /* demoUITests.swift in Sources */,
				FDE348BC2A3AF944000F0F9C /* demoUITestsLaunchTests.swift in Sources */,
			);
			runOnlyForDeploymentPostprocessing = 0;
		};
/* End PBXSourcesBuildPhase section */

/* Begin PBXTargetDependency section */
		FDE348AD2A3AF944000F0F9C /* PBXTargetDependency */ = {
			isa = PBXTargetDependency;
			target = FDE348942A3AF943000F0F9C /* demo */;
			targetProxy = FDE348AC2A3AF944000F0F9C /* PBXContainerItemProxy */;
		};
		FDE348B72A3AF944000F0F9C /* PBXTargetDependency */ = {
			isa = PBXTargetDependency;
			target = FDE348942A3AF943000F0F9C /* demo */;
			targetProxy = FDE348B62A3AF944000F0F9C /* PBXContainerItemProxy */;
		};
/* End PBXTargetDependency section */

/* Begin PBXVariantGroup section */
		FDE3489E2A3AF943000F0F9C /* Main.storyboard */ = {
			isa = PBXVariantGroup;
			children = (
				FDE3489F2A3AF943000F0F9C /* Base */,
			);
			name = Main.storyboard;
			sourceTree = "<group>";
		};
		FDE348A32A3AF944000F0F9C /* LaunchScreen.storyboard */ = {
			isa = PBXVariantGroup;
			children = (
				FDE348A42A3AF944000F0F9C /* Base */,
			);
			name = LaunchScreen.storyboard;
			sourceTree = "<group>";
		};
/* End PBXVariantGroup section */

/* Begin XCBuildConfiguration section */
		FDE348BD2A3AF944000F0F9C /* Debug */ = {
			isa = XCBuildConfiguration;
			buildSettings = {
				ALWAYS_SEARCH_USER_PATHS = NO;
				CLANG_ANALYZER_NONNULL = YES;
				CLANG_ANALYZER_NUMBER_OBJECT_CONVERSION = YES_AGGRESSIVE;
				CLANG_CXX_LANGUAGE_STANDARD = "gnu++20";
				CLANG_ENABLE_MODULES = YES;
				CLANG_ENABLE_OBJC_ARC = YES;
				CLANG_ENABLE_OBJC_WEAK = YES;
				CLANG_WARN_BLOCK_CAPTURE_AUTORELEASING = YES;
				CLANG_WARN_BOOL_CONVERSION = YES;
				CLANG_WARN_COMMA = YES;
				CLANG_WARN_CONSTANT_CONVERSION = YES;
				CLANG_WARN_DEPRECATED_OBJC_IMPLEMENTATIONS = YES;
				CLANG_WARN_DIRECT_OBJC_ISA_USAGE = YES_ERROR;
				CLANG_WARN_DOCUMENTATION_COMMENTS = YES;
				CLANG_WARN_EMPTY_BODY = YES;
				CLANG_WARN_ENUM_CONVERSION = YES;
				CLANG_WARN_INFINITE_RECURSION = YES;
				CLANG_WARN_INT_CONVERSION = YES;
				CLANG_WARN_NON_LITERAL_NULL_CONVERSION = YES;
				CLANG_WARN_OBJC_IMPLICIT_RETAIN_SELF = YES;
				CLANG_WARN_OBJC_LITERAL_CONVERSION = YES;
				CLANG_WARN_OBJC_ROOT_CLASS = YES_ERROR;
				CLANG_WARN_QUOTED_INCLUDE_IN_FRAMEWORK_HEADER = YES;
				CLANG_WARN_RANGE_LOOP_ANALYSIS = YES;
				CLANG_WARN_STRICT_PROTOTYPES = YES;
				CLANG_WARN_SUSPICIOUS_MOVE = YES;
				CLANG_WARN_UNGUARDED_AVAILABILITY = YES_AGGRESSIVE;
				CLANG_WARN_UNREACHABLE_CODE = YES;
				CLANG_WARN__DUPLICATE_METHOD_MATCH = YES;
				COPY_PHASE_STRIP = NO;
				DEBUG_INFORMATION_FORMAT = dwarf;
				ENABLE_STRICT_OBJC_MSGSEND = YES;
				ENABLE_TESTABILITY = YES;
				GCC_C_LANGUAGE_STANDARD = gnu11;
				GCC_DYNAMIC_NO_PIC = NO;
				GCC_NO_COMMON_BLOCKS = YES;
				GCC_OPTIMIZATION_LEVEL = 0;
				GCC_PREPROCESSOR_DEFINITIONS = (
					"DEBUG=1",
					"$(inherited)",
				);
				GCC_WARN_64_TO_32_BIT_CONVERSION = YES;
				GCC_WARN_ABOUT_RETURN_TYPE = YES_ERROR;
				GCC_WARN_UNDECLARED_SELECTOR = YES;
				GCC_WARN_UNINITIALIZED_AUTOS = YES_AGGRESSIVE;
				GCC_WARN_UNUSED_FUNCTION = YES;
				GCC_WARN_UNUSED_VARIABLE = YES;
				IPHONEOS_DEPLOYMENT_TARGET = 16.2;
				MTL_ENABLE_DEBUG_INFO = INCLUDE_SOURCE;
				MTL_FAST_MATH = YES;
				ONLY_ACTIVE_ARCH = YES;
				SDKROOT = iphoneos;
				SWIFT_ACTIVE_COMPILATION_CONDITIONS = DEBUG;
				SWIFT_OPTIMIZATION_LEVEL = "-Onone";
			};
			name = Debug;
		};
		FDE348BE2A3AF944000F0F9C /* Release */ = {
			isa = XCBuildConfiguration;
			buildSettings = {
				ALWAYS_SEARCH_USER_PATHS = NO;
				CLANG_ANALYZER_NONNULL = YES;
				CLANG_ANALYZER_NUMBER_OBJECT_CONVERSION = YES_AGGRESSIVE;
				CLANG_CXX_LANGUAGE_STANDARD = "gnu++20";
				CLANG_ENABLE_MODULES = YES;
				CLANG_ENABLE_OBJC_ARC = YES;
				CLANG_ENABLE_OBJC_WEAK = YES;
				CLANG_WARN_BLOCK_CAPTURE_AUTORELEASING = YES;
				CLANG_WARN_BOOL_CONVERSION = YES;
				CLANG_WARN_COMMA = YES;
				CLANG_WARN_CONSTANT_CONVERSION = YES;
				CLANG_WARN_DEPRECATED_OBJC_IMPLEMENTATIONS = YES;
				CLANG_WARN_DIRECT_OBJC_ISA_USAGE = YES_ERROR;
				CLANG_WARN_DOCUMENTATION_COMMENTS = YES;
				CLANG_WARN_EMPTY_BODY = YES;
				CLANG_WARN_ENUM_CONVERSION = YES;
				CLANG_WARN_INFINITE_RECURSION = YES;
				CLANG_WARN_INT_CONVERSION = YES;
				CLANG_WARN_NON_LITERAL_NULL_CONVERSION = YES;
				CLANG_WARN_OBJC_IMPLICIT_RETAIN_SELF = YES;
				CLANG_WARN_OBJC_LITERAL_CONVERSION = YES;
				CLANG_WARN_OBJC_ROOT_CLASS = YES_ERROR;
				CLANG_WARN_QUOTED_INCLUDE_IN_FRAMEWORK_HEADER = YES;
				CLANG_WARN_RANGE_LOOP_ANALYSIS = YES;
				CLANG_WARN_STRICT_PROTOTYPES = YES;
				CLANG_WARN_SUSPICIOUS_MOVE = YES;
				CLANG_WARN_UNGUARDED_AVAILABILITY = YES_AGGRESSIVE;
				CLANG_WARN_UNREACHABLE_CODE = YES;
				CLANG_WARN__DUPLICATE_METHOD_MATCH = YES;
				COPY_PHASE_STRIP = NO;
				DEBUG_INFORMATION_FORMAT = "dwarf-with-dsym";
				ENABLE_NS_ASSERTIONS = NO;
				ENABLE_STRICT_OBJC_MSGSEND = YES;
				GCC_C_LANGUAGE_STANDARD = gnu11;
				GCC_NO_COMMON_BLOCKS = YES;
				GCC_WARN_64_TO_32_BIT_CONVERSION = YES;
				GCC_WARN_ABOUT_RETURN_TYPE = YES_ERROR;
				GCC_WARN_UNDECLARED_SELECTOR = YES;
				GCC_WARN_UNINITIALIZED_AUTOS = YES_AGGRESSIVE;
				GCC_WARN_UNUSED_FUNCTION = YES;
				GCC_WARN_UNUSED_VARIABLE = YES;
				IPHONEOS_DEPLOYMENT_TARGET = 16.2;
				MTL_ENABLE_DEBUG_INFO = NO;
				MTL_FAST_MATH = YES;
				SDKROOT = iphoneos;
				SWIFT_COMPILATION_MODE = wholemodule;
				SWIFT_OPTIMIZATION_LEVEL = "-O";
				VALIDATE_PRODUCT = YES;
			};
			name = Release;
		};
		FDE348C02A3AF944000F0F9C /* Debug */ = {
			isa = XCBuildConfiguration;
			buildSettings = {
				ASSETCATALOG_COMPILER_APPICON_NAME = AppIcon;
				ASSETCATALOG_COMPILER_GLOBAL_ACCENT_COLOR_NAME = AccentColor;
				CODE_SIGN_STYLE = Automatic;
				CURRENT_PROJECT_VERSION = 1;
				GENERATE_INFOPLIST_FILE = YES;
				INFOPLIST_FILE = demo/Info.plist;
				INFOPLIST_KEY_UIApplicationSupportsIndirectInputEvents = YES;
				INFOPLIST_KEY_UILaunchStoryboardName = LaunchScreen;
				INFOPLIST_KEY_UIMainStoryboardFile = Main;
				INFOPLIST_KEY_UISupportedInterfaceOrientations_iPad = "UIInterfaceOrientationPortrait UIInterfaceOrientationPortraitUpsideDown UIInterfaceOrientationLandscapeLeft UIInterfaceOrientationLandscapeRight";
				INFOPLIST_KEY_UISupportedInterfaceOrientations_iPhone = "UIInterfaceOrientationPortrait UIInterfaceOrientationLandscapeLeft UIInterfaceOrientationLandscapeRight";
				LD_RUNPATH_SEARCH_PATHS = (
					"$(inherited)",
					"@executable_path/Frameworks",
				);
				MARKETING_VERSION = 1.0;
				PRODUCT_BUNDLE_IDENTIFIER = com.wb.demo;
				PRODUCT_NAME = "$(TARGET_NAME)";
				SWIFT_EMIT_LOC_STRINGS = YES;
				SWIFT_VERSION = 5.0;
				TARGETED_DEVICE_FAMILY = "1,2";
			};
			name = Debug;
		};
		FDE348C12A3AF944000F0F9C /* Release */ = {
			isa = XCBuildConfiguration;
			buildSettings = {
				ASSETCATALOG_COMPILER_APPICON_NAME = AppIcon;
				ASSETCATALOG_COMPILER_GLOBAL_ACCENT_COLOR_NAME = AccentColor;
				CODE_SIGN_STYLE = Automatic;
				CURRENT_PROJECT_VERSION = 1;
				GENERATE_INFOPLIST_FILE = YES;
				INFOPLIST_FILE = demo/Info.plist;
				INFOPLIST_KEY_UIApplicationSupportsIndirectInputEvents = YES;
				INFOPLIST_KEY_UILaunchStoryboardName = LaunchScreen;
				INFOPLIST_KEY_UIMainStoryboardFile = Main;
				INFOPLIST_KEY_UISupportedInterfaceOrientations_iPad = "UIInterfaceOrientationPortrait UIInterfaceOrientationPortraitUpsideDown UIInterfaceOrientationLandscapeLeft UIInterfaceOrientationLandscapeRight";
				INFOPLIST_KEY_UISupportedInterfaceOrientations_iPhone = "UIInterfaceOrientationPortrait UIInterfaceOrientationLandscapeLeft UIInterfaceOrientationLandscapeRight";
				LD_RUNPATH_SEARCH_PATHS = (
					"$(inherited)",
					"@executable_path/Frameworks",
				);
				MARKETING_VERSION = 1.0;
				PRODUCT_BUNDLE_IDENTIFIER = com.wb.demo;
				PRODUCT_NAME = "$(TARGET_NAME)";
				SWIFT_EMIT_LOC_STRINGS = YES;
				SWIFT_VERSION = 5.0;
				TARGETED_DEVICE_FAMILY = "1,2";
			};
			name = Release;
		};
		FDE348C32A3AF944000F0F9C /* Debug */ = {
			isa = XCBuildConfiguration;
			buildSettings = {
				ALWAYS_EMBED_SWIFT_STANDARD_LIBRARIES = YES;
				BUNDLE_LOADER = "$(TEST_HOST)";
				CODE_SIGN_STYLE = Automatic;
				CURRENT_PROJECT_VERSION = 1;
				GENERATE_INFOPLIST_FILE = YES;
				IPHONEOS_DEPLOYMENT_TARGET = 16.2;
				MARKETING_VERSION = 1.0;
				PRODUCT_BUNDLE_IDENTIFIER = com.wb.demoTests;
				PRODUCT_NAME = "$(TARGET_NAME)";
				SWIFT_EMIT_LOC_STRINGS = NO;
				SWIFT_VERSION = 5.0;
				TARGETED_DEVICE_FAMILY = "1,2";
				TEST_HOST = "$(BUILT_PRODUCTS_DIR)/demo.app/$(BUNDLE_EXECUTABLE_FOLDER_PATH)/demo";
			};
			name = Debug;
		};
		FDE348C42A3AF944000F0F9C /* Release */ = {
			isa = XCBuildConfiguration;
			buildSettings = {
				ALWAYS_EMBED_SWIFT_STANDARD_LIBRARIES = YES;
				BUNDLE_LOADER = "$(TEST_HOST)";
				CODE_SIGN_STYLE = Automatic;
				CURRENT_PROJECT_VERSION = 1;
				GENERATE_INFOPLIST_FILE = YES;
				IPHONEOS_DEPLOYMENT_TARGET = 16.2;
				MARKETING_VERSION = 1.0;
				PRODUCT_BUNDLE_IDENTIFIER = com.wb.demoTests;
				PRODUCT_NAME = "$(TARGET_NAME)";
				SWIFT_EMIT_LOC_STRINGS = NO;
				SWIFT_VERSION = 5.0;
				TARGETED_DEVICE_FAMILY = "1,2";
				TEST_HOST = "$(BUILT_PRODUCTS_DIR)/demo.app/$(BUNDLE_EXECUTABLE_FOLDER_PATH)/demo";
			};
			name = Release;
		};
		FDE348C62A3AF944000F0F9C /* Debug */ = {
			isa = XCBuildConfiguration;
			buildSettings = {
				ALWAYS_EMBED_SWIFT_STANDARD_LIBRARIES = YES;
				CODE_SIGN_STYLE = Automatic;
				CURRENT_PROJECT_VERSION = 1;
				GENERATE_INFOPLIST_FILE = YES;
				MARKETING_VERSION = 1.0;
				PRODUCT_BUNDLE_IDENTIFIER = com.wb.demoUITests;
				PRODUCT_NAME = "$(TARGET_NAME)";
				SWIFT_EMIT_LOC_STRINGS = NO;
				SWIFT_VERSION = 5.0;
				TARGETED_DEVICE_FAMILY = "1,2";
				TEST_TARGET_NAME = demo;
			};
			name = Debug;
		};
		FDE348C72A3AF944000F0F9C /* Release */ = {
			isa = XCBuildConfiguration;
			buildSettings = {
				ALWAYS_EMBED_SWIFT_STANDARD_LIBRARIES = YES;
				CODE_SIGN_STYLE = Automatic;
				CURRENT_PROJECT_VERSION = 1;
				GENERATE_INFOPLIST_FILE = YES;
				MARKETING_VERSION = 1.0;
				PRODUCT_BUNDLE_IDENTIFIER = com.wb.demoUITests;
				PRODUCT_NAME = "$(TARGET_NAME)";
				SWIFT_EMIT_LOC_STRINGS = NO;
				SWIFT_VERSION = 5.0;
				TARGETED_DEVICE_FAMILY = "1,2";
				TEST_TARGET_NAME = demo;
			};
			name = Release;
		};
/* End XCBuildConfiguration section */

/* Begin XCConfigurationList section */
		FDE348902A3AF943000F0F9C /* Build configuration list for PBXProject "demo" */ = {
			isa = XCConfigurationList;
			buildConfigurations = (
				FDE348BD2A3AF944000F0F9C /* Debug */,
				FDE348BE2A3AF944000F0F9C /* Release */,
			);
			defaultConfigurationIsVisible = 0;
			defaultConfigurationName = Release;
		};
		FDE348BF2A3AF944000F0F9C /* Build configuration list for PBXNativeTarget "demo" */ = {
			isa = XCConfigurationList;
			buildConfigurations = (
				FDE348C02A3AF944000F0F9C /* Debug */,
				FDE348C12A3AF944000F0F9C /* Release */,
			);
			defaultConfigurationIsVisible = 0;
			defaultConfigurationName = Release;
		};
		FDE348C22A3AF944000F0F9C /* Build configuration list for PBXNativeTarget "demoTests" */ = {
			isa = XCConfigurationList;
			buildConfigurations = (
				FDE348C32A3AF944000F0F9C /* Debug */,
				FDE348C42A3AF944000F0F9C /* Release */,
			);
			defaultConfigurationIsVisible = 0;
			defaultConfigurationName = Release;
		};
		FDE348C52A3AF944000F0F9C /* Build configuration list for PBXNativeTarget "demoUITests" */ = {
			isa = XCConfigurationList;
			buildConfigurations = (
				FDE348C62A3AF944000F0F9C /* Debug */,
				FDE348C72A3AF944000F0F9C /* Release */,
			);
			defaultConfigurationIsVisible = 0;
			defaultConfigurationName = Release;
		};
/* End XCConfigurationList section */
	};
	rootObject = FDE3488D2A3AF943000F0F9C /* Project object */;
}
